
Microsoft Visual Studio Solution File, Format Version 12.00
# Visual Studio Version 17
VisualStudioVersion = 17.11.35327.3
MinimumVisualStudioVersion = 10.0.40219.1
Project("{9A19103F-16F7-4668-BE54-9A1E7A4F7556}") = "Movies.API", "Movies.API\Movies.API.csproj", "{33C13B9D-EF2D-4073-AAC5-1A75E17BBDDD}"
EndProject
Project("{9A19103F-16F7-4668-BE54-9A1E7A4F7556}") = "IdentityServer", "IdentityServer\IdentityServer.csproj", "{ABD073DB-5574-445F-80FD-FE165962DC73}"
EndProject
Project("{9A19103F-16F7-4668-BE54-9A1E7A4F7556}") = "Movies.Client", "Movies.Client\Movies.Client.csproj", "{A6F7BEF6-DDCB-4A16-8D52-752E4E5F5F8A}"
EndProject
Project("{FAE04EC0-301F-11D3-BF4B-00C04F79EFBC}") = "ApiGateway", "ApiGateway\ApiGateway.csproj", "{0451F3F0-8373-4346-9F7E-6A92658F2B94}"
EndProject
Global
	GlobalSection(SolutionConfigurationPlatforms) = preSolution
		Debug|Any CPU = Debug|Any CPU
		Release|Any CPU = Release|Any CPU
	EndGlobalSection
	GlobalSection(ProjectConfigurationPlatforms) = postSolution
		{33C13B9D-EF2D-4073-AAC5-1A75E17BBDDD}.Debug|Any CPU.ActiveCfg = Debug|Any CPU
		{33C13B9D-EF2D-4073-AAC5-1A75E17BBDDD}.Debug|Any CPU.Build.0 = Debug|Any CPU
		{33C13B9D-EF2D-4073-AAC5-1A75E17BBDDD}.Release|Any CPU.ActiveCfg = Release|Any CPU
		{33C13B9D-EF2D-4073-AAC5-1A75E17BBDDD}.Release|Any CPU.Build.0 = Release|Any CPU
		{ABD073DB-5574-445F-80FD-FE165962DC73}.Debug|Any CPU.ActiveCfg = Debug|Any CPU
		{ABD073DB-5574-445F-80FD-FE165962DC73}.Debug|Any CPU.Build.0 = Debug|Any CPU
		{ABD073DB-5574-445F-80FD-FE165962DC73}.Release|Any CPU.ActiveCfg = Release|Any CPU
		{ABD073DB-5574-445F-80FD-FE165962DC73}.Release|Any CPU.Build.0 = Release|Any CPU
		{A6F7BEF6-DDCB-4A16-8D52-752E4E5F5F8A}.Debug|Any CPU.ActiveCfg = Debug|Any CPU
		{A6F7BEF6-DDCB-4A16-8D52-752E4E5F5F8A}.Debug|Any CPU.Build.0 = Debug|Any CPU
		{A6F7BEF6-DDCB-4A16-8D52-752E4E5F5F8A}.Release|Any CPU.ActiveCfg = Release|Any CPU
		{A6F7BEF6-DDCB-4A16-8D52-752E4E5F5F8A}.Release|Any CPU.Build.0 = Release|Any CPU
		{0451F3F0-8373-4346-9F7E-6A92658F2B94}.Debug|Any CPU.ActiveCfg = Debug|Any CPU
		{0451F3F0-8373-4346-9F7E-6A92658F2B94}.Debug|Any CPU.Build.0 = Debug|Any CPU
		{0451F3F0-8373-4346-9F7E-6A92658F2B94}.Release|Any CPU.ActiveCfg = Release|Any CPU
		{0451F3F0-8373-4346-9F7E-6A92658F2B94}.Release|Any CPU.Build.0 = Release|Any CPU
	EndGlobalSection
	GlobalSection(SolutionProperties) = preSolution
		HideSolutionNode = FALSE
	EndGlobalSection
	GlobalSection(ExtensibilityGlobals) = postSolution
		SolutionGuid = {14D9FB24-FE6B-4C0F-8A61-A5CDA0297B6B}
	EndGlobalSection
EndGlobal
